{
  "object": {
    "pins": [
      {
        "package": "SwiftyRSA",
        "repositoryURL": "https://github.com/ThrownToys/SwiftyRSA.git",
        "state": {
          "branch": "master",
          "revision": "2208d64909c452cfcba804a30d38424c911c9a4e",
          "version": null
        }
      }
    ]
  },
  "version": 1
}
